// !$*UTF8*$!
{
	archiveVersion = 1;
	classes = {
	};
	objectVersion = 46;
	objects = {

/* Begin PBXBuildFile section */
		2916E06E3C614C1597B69AED /* libPods.a in Frameworks */ = {isa = PBXBuildFile; fileRef = F40CBFAC184F4D4990076EE3 /* libPods.a */; };
		4BCFC5C11A53141D00DFC4B8 /* Launch Screen.xib in Resources */ = {isa = PBXBuildFile; fileRef = 4BCFC5C01A53141D00DFC4B8 /* Launch Screen.xib */; };
		5867C65B86B9E19C4837AA93 /* libPods.a in Frameworks */ = {isa = PBXBuildFile; fileRef = F40CBFAC184F4D4990076EE3 /* libPods.a */; };
		BF0206BB1AFC376A00C8160E /* PHSettingsViewController.m in Sources */ = {isa = PBXBuildFile; fileRef = BF0206BA1AFC376A00C8160E /* PHSettingsViewController.m */; };
		BF021E631A4E84CD007E8F11 /* PHViewController.m in Sources */ = {isa = PBXBuildFile; fileRef = BF021E621A4E84CD007E8F11 /* PHViewController.m */; };
		BF021E661A4E850B007E8F11 /* UIButton+PHButton.m in Sources */ = {isa = PBXBuildFile; fileRef = BF021E651A4E850B007E8F11 /* UIButton+PHButton.m */; };
		BF021E691A4E859E007E8F11 /* UIFont+Fonts.m in Sources */ = {isa = PBXBuildFile; fileRef = BF021E681A4E859E007E8F11 /* UIFont+Fonts.m */; };
		BF1A8A0E1C4352FE00E1286E /* PHConnectionBroker.m in Sources */ = {isa = PBXBuildFile; fileRef = BF1A8A0B1C4352FE00E1286E /* PHConnectionBroker.m */; };
		BF1A8A0F1C4352FE00E1286E /* PHErrors.m in Sources */ = {isa = PBXBuildFile; fileRef = BF1A8A0D1C4352FE00E1286E /* PHErrors.m */; };
		BF46904619DD3AD100B02945 /* XSMessage.m in Sources */ = {isa = PBXBuildFile; fileRef = BF46903F19DD3AD100B02945 /* XSMessage.m */; };
		BF46904719DD3AD100B02945 /* XSPeer.m in Sources */ = {isa = PBXBuildFile; fileRef = BF46904119DD3AD100B02945 /* XSPeer.m */; };
		BF46904819DD3AD100B02945 /* XSPeerClient.m in Sources */ = {isa = PBXBuildFile; fileRef = BF46904319DD3AD100B02945 /* XSPeerClient.m */; };
		BF46904919DD3AD100B02945 /* XSRoom.m in Sources */ = {isa = PBXBuildFile; fileRef = BF46904519DD3AD100B02945 /* XSRoom.m */; };
		BF80C58C19960F54007DE967 /* Foundation.framework in Frameworks */ = {isa = PBXBuildFile; fileRef = BF80C58B19960F54007DE967 /* Foundation.framework */; };
		BF80C59019960F54007DE967 /* UIKit.framework in Frameworks */ = {isa = PBXBuildFile; fileRef = BF80C58F19960F54007DE967 /* UIKit.framework */; };
		BF80C59619960F54007DE967 /* InfoPlist.strings in Resources */ = {isa = PBXBuildFile; fileRef = BF80C59419960F54007DE967 /* InfoPlist.strings */; };
		BF80C59819960F54007DE967 /* main.m in Sources */ = {isa = PBXBuildFile; fileRef = BF80C59719960F54007DE967 /* main.m */; };
		BF80C59C19960F54007DE967 /* PHAppDelegate.m in Sources */ = {isa = PBXBuildFile; fileRef = BF80C59B19960F54007DE967 /* PHAppDelegate.m */; };
		BF80C59E19960F54007DE967 /* Images.xcassets in Resources */ = {isa = PBXBuildFile; fileRef = BF80C59D19960F54007DE967 /* Images.xcassets */; };
		BF80C5A519960F54007DE967 /* XCTest.framework in Frameworks */ = {isa = PBXBuildFile; fileRef = BF80C5A419960F54007DE967 /* XCTest.framework */; };
		BF80C5A619960F54007DE967 /* Foundation.framework in Frameworks */ = {isa = PBXBuildFile; fileRef = BF80C58B19960F54007DE967 /* Foundation.framework */; };
		BF80C5A719960F54007DE967 /* UIKit.framework in Frameworks */ = {isa = PBXBuildFile; fileRef = BF80C58F19960F54007DE967 /* UIKit.framework */; };
		BF80C5AF19960F54007DE967 /* InfoPlist.strings in Resources */ = {isa = PBXBuildFile; fileRef = BF80C5AD19960F54007DE967 /* InfoPlist.strings */; };
		BF80C5B119960F54007DE967 /* PerchRTCTests.m in Sources */ = {isa = PBXBuildFile; fileRef = BF80C5B019960F54007DE967 /* PerchRTCTests.m */; };
		BFB053EF1A538A8F00AF1CBD /* PHMuteOverlayView.m in Sources */ = {isa = PBXBuildFile; fileRef = BFB053EE1A538A8F00AF1CBD /* PHMuteOverlayView.m */; };
/* End PBXBuildFile section */

/* Begin PBXContainerItemProxy section */
		BF80C5A819960F54007DE967 /* PBXContainerItemProxy */ = {
			isa = PBXContainerItemProxy;
			containerPortal = BF80C58019960F54007DE967 /* Project object */;
			proxyType = 1;
			remoteGlobalIDString = BF80C58719960F54007DE967;
			remoteInfo = PerchRTC;
		};
/* End PBXContainerItemProxy section */

/* Begin PBXFileReference section */
		09B2429C8CDF70715B44E8A1 /* Pods.debug.xcconfig */ = {isa = PBXFileReference; includeInIndex = 1; lastKnownFileType = text.xcconfig; name = Pods.debug.xcconfig; path = "Pods/Target Support Files/Pods/Pods.debug.xcconfig"; sourceTree = "<group>"; };
		4BCFC5C01A53141D00DFC4B8 /* Launch Screen.xib */ = {isa = PBXFileReference; fileEncoding = 4; lastKnownFileType = file.xib; path = "Launch Screen.xib"; sourceTree = "<group>"; };
		4BD55A4D1AFD58F800CDD370 /* PHCredentials.h */ = {isa = PBXFileReference; lastKnownFileType = sourcecode.c.h; path = PHCredentials.h; sourceTree = "<group>"; };
		BF0206B91AFC376A00C8160E /* PHSettingsViewController.h */ = {isa = PBXFileReference; fileEncoding = 4; lastKnownFileType = sourcecode.c.h; path = PHSettingsViewController.h; sourceTree = "<group>"; };
		BF0206BA1AFC376A00C8160E /* PHSettingsViewController.m */ = {isa = PBXFileReference; fileEncoding = 4; lastKnownFileType = sourcecode.c.objc; path = PHSettingsViewController.m; sourceTree = "<group>"; };
		BF021E611A4E84CD007E8F11 /* PHViewController.h */ = {isa = PBXFileReference; fileEncoding = 4; lastKnownFileType = sourcecode.c.h; path = PHViewController.h; sourceTree = "<group>"; };
		BF021E621A4E84CD007E8F11 /* PHViewController.m */ = {isa = PBXFileReference; fileEncoding = 4; lastKnownFileType = sourcecode.c.objc; path = PHViewController.m; sourceTree = "<group>"; };
		BF021E641A4E850B007E8F11 /* UIButton+PHButton.h */ = {isa = PBXFileReference; fileEncoding = 4; lastKnownFileType = sourcecode.c.h; path = "UIButton+PHButton.h"; sourceTree = "<group>"; };
		BF021E651A4E850B007E8F11 /* UIButton+PHButton.m */ = {isa = PBXFileReference; fileEncoding = 4; lastKnownFileType = sourcecode.c.objc; path = "UIButton+PHButton.m"; sourceTree = "<group>"; };
		BF021E671A4E859E007E8F11 /* UIFont+Fonts.h */ = {isa = PBXFileReference; fileEncoding = 4; lastKnownFileType = sourcecode.c.h; path = "UIFont+Fonts.h"; sourceTree = "<group>"; };
		BF021E681A4E859E007E8F11 /* UIFont+Fonts.m */ = {isa = PBXFileReference; fileEncoding = 4; lastKnownFileType = sourcecode.c.objc; path = "UIFont+Fonts.m"; sourceTree = "<group>"; };
		BF1A82F71A187A3D0018AA10 /* libstdc++.6.dylib */ = {isa = PBXFileReference; lastKnownFileType = "compiled.mach-o.dylib"; name = "libstdc++.6.dylib"; path = "usr/lib/libstdc++.6.dylib"; sourceTree = SDKROOT; };
		BF1A8A0A1C4352FE00E1286E /* PHConnectionBroker.h */ = {isa = PBXFileReference; fileEncoding = 4; lastKnownFileType = sourcecode.c.h; path = PHConnectionBroker.h; sourceTree = "<group>"; };
		BF1A8A0B1C4352FE00E1286E /* PHConnectionBroker.m */ = {isa = PBXFileReference; fileEncoding = 4; lastKnownFileType = sourcecode.c.objc; path = PHConnectionBroker.m; sourceTree = "<group>"; };
		BF1A8A0C1C4352FE00E1286E /* PHErrors.h */ = {isa = PBXFileReference; fileEncoding = 4; lastKnownFileType = sourcecode.c.h; path = PHErrors.h; sourceTree = "<group>"; };
		BF1A8A0D1C4352FE00E1286E /* PHErrors.m */ = {isa = PBXFileReference; fileEncoding = 4; lastKnownFileType = sourcecode.c.objc; path = PHErrors.m; sourceTree = "<group>"; };
		BF46903E19DD3AD100B02945 /* XSMessage.h */ = {isa = PBXFileReference; fileEncoding = 4; lastKnownFileType = sourcecode.c.h; path = XSMessage.h; sourceTree = "<group>"; };
		BF46903F19DD3AD100B02945 /* XSMessage.m */ = {isa = PBXFileReference; fileEncoding = 4; lastKnownFileType = sourcecode.c.objc; path = XSMessage.m; sourceTree = "<group>"; };
		BF46904019DD3AD100B02945 /* XSPeer.h */ = {isa = PBXFileReference; fileEncoding = 4; lastKnownFileType = sourcecode.c.h; path = XSPeer.h; sourceTree = "<group>"; };
		BF46904119DD3AD100B02945 /* XSPeer.m */ = {isa = PBXFileReference; fileEncoding = 4; lastKnownFileType = sourcecode.c.objc; path = XSPeer.m; sourceTree = "<group>"; };
		BF46904219DD3AD100B02945 /* XSPeerClient.h */ = {isa = PBXFileReference; fileEncoding = 4; lastKnownFileType = sourcecode.c.h; path = XSPeerClient.h; sourceTree = "<group>"; };
		BF46904319DD3AD100B02945 /* XSPeerClient.m */ = {isa = PBXFileReference; fileEncoding = 4; lastKnownFileType = sourcecode.c.objc; path = XSPeerClient.m; sourceTree = "<group>"; };
		BF46904419DD3AD100B02945 /* XSRoom.h */ = {isa = PBXFileReference; fileEncoding = 4; lastKnownFileType = sourcecode.c.h; path = XSRoom.h; sourceTree = "<group>"; };
		BF46904519DD3AD100B02945 /* XSRoom.m */ = {isa = PBXFileReference; fileEncoding = 4; lastKnownFileType = sourcecode.c.objc; path = XSRoom.m; sourceTree = "<group>"; };
		BF80C58819960F54007DE967 /* PerchRTC-Dev.app */ = {isa = PBXFileReference; explicitFileType = wrapper.application; includeInIndex = 0; path = "PerchRTC-Dev.app"; sourceTree = BUILT_PRODUCTS_DIR; };
		BF80C58B19960F54007DE967 /* Foundation.framework */ = {isa = PBXFileReference; lastKnownFileType = wrapper.framework; name = Foundation.framework; path = System/Library/Frameworks/Foundation.framework; sourceTree = SDKROOT; };
		BF80C58D19960F54007DE967 /* CoreGraphics.framework */ = {isa = PBXFileReference; lastKnownFileType = wrapper.framework; name = CoreGraphics.framework; path = System/Library/Frameworks/CoreGraphics.framework; sourceTree = SDKROOT; };
		BF80C58F19960F54007DE967 /* UIKit.framework */ = {isa = PBXFileReference; lastKnownFileType = wrapper.framework; name = UIKit.framework; path = System/Library/Frameworks/UIKit.framework; sourceTree = SDKROOT; };
		BF80C59319960F54007DE967 /* PerchRTC-Info.plist */ = {isa = PBXFileReference; lastKnownFileType = text.plist.xml; path = "PerchRTC-Info.plist"; sourceTree = "<group>"; };
		BF80C59519960F54007DE967 /* en */ = {isa = PBXFileReference; lastKnownFileType = text.plist.strings; name = en; path = en.lproj/InfoPlist.strings; sourceTree = "<group>"; };
		BF80C59719960F54007DE967 /* main.m */ = {isa = PBXFileReference; lastKnownFileType = sourcecode.c.objc; path = main.m; sourceTree = "<group>"; };
		BF80C59919960F54007DE967 /* PerchRTC-Prefix.pch */ = {isa = PBXFileReference; lastKnownFileType = sourcecode.c.h; path = "PerchRTC-Prefix.pch"; sourceTree = "<group>"; };
		BF80C59A19960F54007DE967 /* PHAppDelegate.h */ = {isa = PBXFileReference; lastKnownFileType = sourcecode.c.h; path = PHAppDelegate.h; sourceTree = "<group>"; };
		BF80C59B19960F54007DE967 /* PHAppDelegate.m */ = {isa = PBXFileReference; lastKnownFileType = sourcecode.c.objc; path = PHAppDelegate.m; sourceTree = "<group>"; };
		BF80C59D19960F54007DE967 /* Images.xcassets */ = {isa = PBXFileReference; lastKnownFileType = folder.assetcatalog; path = Images.xcassets; sourceTree = "<group>"; };
		BF80C5A319960F54007DE967 /* PerchRTCTests.xctest */ = {isa = PBXFileReference; explicitFileType = wrapper.cfbundle; includeInIndex = 0; path = PerchRTCTests.xctest; sourceTree = BUILT_PRODUCTS_DIR; };
		BF80C5A419960F54007DE967 /* XCTest.framework */ = {isa = PBXFileReference; lastKnownFileType = wrapper.framework; name = XCTest.framework; path = Library/Frameworks/XCTest.framework; sourceTree = DEVELOPER_DIR; };
		BF80C5AC19960F54007DE967 /* PerchRTCTests-Info.plist */ = {isa = PBXFileReference; lastKnownFileType = text.plist.xml; path = "PerchRTCTests-Info.plist"; sourceTree = "<group>"; };
		BF80C5AE19960F54007DE967 /* en */ = {isa = PBXFileReference; lastKnownFileType = text.plist.strings; name = en; path = en.lproj/InfoPlist.strings; sourceTree = "<group>"; };
		BF80C5B019960F54007DE967 /* PerchRTCTests.m */ = {isa = PBXFileReference; lastKnownFileType = sourcecode.c.objc; path = PerchRTCTests.m; sourceTree = "<group>"; };
		BFB053ED1A538A8F00AF1CBD /* PHMuteOverlayView.h */ = {isa = PBXFileReference; fileEncoding = 4; lastKnownFileType = sourcecode.c.h; path = PHMuteOverlayView.h; sourceTree = "<group>"; };
		BFB053EE1A538A8F00AF1CBD /* PHMuteOverlayView.m */ = {isa = PBXFileReference; fileEncoding = 4; lastKnownFileType = sourcecode.c.objc; path = PHMuteOverlayView.m; sourceTree = "<group>"; };
		BFC80E071A104BE10051B67C /* libstdc++.6.0.9.dylib */ = {isa = PBXFileReference; lastKnownFileType = "compiled.mach-o.dylib"; name = "libstdc++.6.0.9.dylib"; path = "usr/lib/libstdc++.6.0.9.dylib"; sourceTree = SDKROOT; };
		D1966AF91CC45DE3E96E08E6 /* Pods.release.xcconfig */ = {isa = PBXFileReference; includeInIndex = 1; lastKnownFileType = text.xcconfig; name = Pods.release.xcconfig; path = "Pods/Target Support Files/Pods/Pods.release.xcconfig"; sourceTree = "<group>"; };
		F40CBFAC184F4D4990076EE3 /* libPods.a */ = {isa = PBXFileReference; explicitFileType = archive.ar; includeInIndex = 0; path = libPods.a; sourceTree = BUILT_PRODUCTS_DIR; };
/* End PBXFileReference section */

/* Begin PBXFrameworksBuildPhase section */
		BF80C58519960F54007DE967 /* Frameworks */ = {
			isa = PBXFrameworksBuildPhase;
			buildActionMask = 2147483647;
			files = (
				BF80C59019960F54007DE967 /* UIKit.framework in Frameworks */,
				BF80C58C19960F54007DE967 /* Foundation.framework in Frameworks */,
				2916E06E3C614C1597B69AED /* libPods.a in Frameworks */,
			);
			runOnlyForDeploymentPostprocessing = 0;
		};
		BF80C5A019960F54007DE967 /* Frameworks */ = {
			isa = PBXFrameworksBuildPhase;
			buildActionMask = 2147483647;
			files = (
				BF80C5A519960F54007DE967 /* XCTest.framework in Frameworks */,
				BF80C5A719960F54007DE967 /* UIKit.framework in Frameworks */,
				BF80C5A619960F54007DE967 /* Foundation.framework in Frameworks */,
				5867C65B86B9E19C4837AA93 /* libPods.a in Frameworks */,
			);
			runOnlyForDeploymentPostprocessing = 0;
		};
/* End PBXFrameworksBuildPhase section */

/* Begin PBXGroup section */
		840D2FA228A22D5F61C9712A /* Pods */ = {
			isa = PBXGroup;
			children = (
				09B2429C8CDF70715B44E8A1 /* Pods.debug.xcconfig */,
				D1966AF91CC45DE3E96E08E6 /* Pods.release.xcconfig */,
			);
			name = Pods;
			sourceTree = "<group>";
		};
		BF021E5D1A4E849D007E8F11 /* User Interface */ = {
			isa = PBXGroup;
			children = (
				BFB053ED1A538A8F00AF1CBD /* PHMuteOverlayView.h */,
				BFB053EE1A538A8F00AF1CBD /* PHMuteOverlayView.m */,
				BF021E611A4E84CD007E8F11 /* PHViewController.h */,
				BF021E621A4E84CD007E8F11 /* PHViewController.m */,
				BF021E641A4E850B007E8F11 /* UIButton+PHButton.h */,
				BF021E651A4E850B007E8F11 /* UIButton+PHButton.m */,
				BF021E671A4E859E007E8F11 /* UIFont+Fonts.h */,
				BF021E681A4E859E007E8F11 /* UIFont+Fonts.m */,
				BF0206B91AFC376A00C8160E /* PHSettingsViewController.h */,
				BF0206BA1AFC376A00C8160E /* PHSettingsViewController.m */,
			);
			path = "User Interface";
			sourceTree = "<group>";
		};
		BF1A8A091C4352FE00E1286E /* Client */ = {
			isa = PBXGroup;
			children = (
				BF1A8A0A1C4352FE00E1286E /* PHConnectionBroker.h */,
				BF1A8A0B1C4352FE00E1286E /* PHConnectionBroker.m */,
				BF1A8A0C1C4352FE00E1286E /* PHErrors.h */,
				BF1A8A0D1C4352FE00E1286E /* PHErrors.m */,
			);
			path = Client;
			sourceTree = SOURCE_ROOT;
		};
		BF46903D19DD3AD100B02945 /* XirSys */ = {
			isa = PBXGroup;
			children = (
				BF46903E19DD3AD100B02945 /* XSMessage.h */,
				BF46903F19DD3AD100B02945 /* XSMessage.m */,
				BF46904019DD3AD100B02945 /* XSPeer.h */,
				BF46904119DD3AD100B02945 /* XSPeer.m */,
				BF46904219DD3AD100B02945 /* XSPeerClient.h */,
				BF46904319DD3AD100B02945 /* XSPeerClient.m */,
				BF46904419DD3AD100B02945 /* XSRoom.h */,
				BF46904519DD3AD100B02945 /* XSRoom.m */,
			);
			path = XirSys;
			sourceTree = "<group>";
		};
		BF80C57F19960F54007DE967 = {
			isa = PBXGroup;
			children = (
				BF80C59119960F54007DE967 /* PerchRTC */,
				BF80C5AA19960F54007DE967 /* PerchRTCTests */,
				BF80C58A19960F54007DE967 /* Frameworks */,
				BF80C58919960F54007DE967 /* Products */,
				840D2FA228A22D5F61C9712A /* Pods */,
			);
			sourceTree = "<group>";
		};
		BF80C58919960F54007DE967 /* Products */ = {
			isa = PBXGroup;
			children = (
				BF80C58819960F54007DE967 /* PerchRTC-Dev.app */,
				BF80C5A319960F54007DE967 /* PerchRTCTests.xctest */,
			);
			name = Products;
			sourceTree = "<group>";
		};
		BF80C58A19960F54007DE967 /* Frameworks */ = {
			isa = PBXGroup;
			children = (
				BF1A82F71A187A3D0018AA10 /* libstdc++.6.dylib */,
				BFC80E071A104BE10051B67C /* libstdc++.6.0.9.dylib */,
				BF80C58B19960F54007DE967 /* Foundation.framework */,
				BF80C58D19960F54007DE967 /* CoreGraphics.framework */,
				BF80C58F19960F54007DE967 /* UIKit.framework */,
				BF80C5A419960F54007DE967 /* XCTest.framework */,
				F40CBFAC184F4D4990076EE3 /* libPods.a */,
			);
			name = Frameworks;
			sourceTree = "<group>";
		};
		BF80C59119960F54007DE967 /* PerchRTC */ = {
			isa = PBXGroup;
			children = (
				BF1A8A091C4352FE00E1286E /* Client */,
				4BCFC5C01A53141D00DFC4B8 /* Launch Screen.xib */,
				BF80C59A19960F54007DE967 /* PHAppDelegate.h */,
				BF80C59B19960F54007DE967 /* PHAppDelegate.m */,
				BF80C59D19960F54007DE967 /* Images.xcassets */,
				BF80C59219960F54007DE967 /* Supporting Files */,
				BF021E5D1A4E849D007E8F11 /* User Interface */,
				BF46903D19DD3AD100B02945 /* XirSys */,
			);
			path = PerchRTC;
			sourceTree = "<group>";
		};
		BF80C59219960F54007DE967 /* Supporting Files */ = {
			isa = PBXGroup;
			children = (
				BF80C59319960F54007DE967 /* PerchRTC-Info.plist */,
				BF80C59419960F54007DE967 /* InfoPlist.strings */,
				BF80C59719960F54007DE967 /* main.m */,
				BF80C59919960F54007DE967 /* PerchRTC-Prefix.pch */,
				4BD55A4D1AFD58F800CDD370 /* PHCredentials.h */,
			);
			name = "Supporting Files";
			sourceTree = "<group>";
		};
		BF80C5AA19960F54007DE967 /* PerchRTCTests */ = {
			isa = PBXGroup;
			children = (
				BF80C5B019960F54007DE967 /* PerchRTCTests.m */,
				BF80C5AB19960F54007DE967 /* Supporting Files */,
			);
			path = PerchRTCTests;
			sourceTree = "<group>";
		};
		BF80C5AB19960F54007DE967 /* Supporting Files */ = {
			isa = PBXGroup;
			children = (
				BF80C5AC19960F54007DE967 /* PerchRTCTests-Info.plist */,
				BF80C5AD19960F54007DE967 /* InfoPlist.strings */,
			);
			name = "Supporting Files";
			sourceTree = "<group>";
		};
/* End PBXGroup section */

/* Begin PBXNativeTarget section */
		BF80C58719960F54007DE967 /* PerchRTC */ = {
			isa = PBXNativeTarget;
			buildConfigurationList = BF80C5B419960F54007DE967 /* Build configuration list for PBXNativeTarget "PerchRTC" */;
			buildPhases = (
				A6092AB93C7841EDAE9DACAF /* Check Pods Manifest.lock */,
				BF80C58419960F54007DE967 /* Sources */,
				BF80C58519960F54007DE967 /* Frameworks */,
				BF80C58619960F54007DE967 /* Resources */,
				D92CDBAFF7344EEFB797CFB8 /* Copy Pods Resources */,
			);
			buildRules = (
			);
			dependencies = (
			);
			name = PerchRTC;
			productName = PerchRTC;
			productReference = BF80C58819960F54007DE967 /* PerchRTC-Dev.app */;
			productType = "com.apple.product-type.application";
		};
		BF80C5A219960F54007DE967 /* PerchRTCTests */ = {
			isa = PBXNativeTarget;
			buildConfigurationList = BF80C5B719960F54007DE967 /* Build configuration list for PBXNativeTarget "PerchRTCTests" */;
			buildPhases = (
				6E725E19A758D470FC68ED1A /* Check Pods Manifest.lock */,
				BF80C59F19960F54007DE967 /* Sources */,
				BF80C5A019960F54007DE967 /* Frameworks */,
				BF80C5A119960F54007DE967 /* Resources */,
				2F5FCC8836D6640A9C6088AB /* Copy Pods Resources */,
			);
			buildRules = (
			);
			dependencies = (
				BF80C5A919960F54007DE967 /* PBXTargetDependency */,
			);
			name = PerchRTCTests;
			productName = PerchRTCTests;
			productReference = BF80C5A319960F54007DE967 /* PerchRTCTests.xctest */;
			productType = "com.apple.product-type.bundle.unit-test";
		};
/* End PBXNativeTarget section */

/* Begin PBXProject section */
		BF80C58019960F54007DE967 /* Project object */ = {
			isa = PBXProject;
			attributes = {
				CLASSPREFIX = PH;
				LastUpgradeCheck = 0610;
				ORGANIZATIONNAME = "Perch Communications";
			};
			buildConfigurationList = BF80C58319960F54007DE967 /* Build configuration list for PBXProject "PerchRTC" */;
			compatibilityVersion = "Xcode 3.2";
			developmentRegion = English;
			hasScannedForEncodings = 0;
			knownRegions = (
				en,
			);
			mainGroup = BF80C57F19960F54007DE967;
			productRefGroup = BF80C58919960F54007DE967 /* Products */;
			projectDirPath = "";
			projectRoot = "";
			targets = (
				BF80C58719960F54007DE967 /* PerchRTC */,
				BF80C5A219960F54007DE967 /* PerchRTCTests */,
			);
		};
/* End PBXProject section */

/* Begin PBXResourcesBuildPhase section */
		BF80C58619960F54007DE967 /* Resources */ = {
			isa = PBXResourcesBuildPhase;
			buildActionMask = 2147483647;
			files = (
				BF80C59619960F54007DE967 /* InfoPlist.strings in Resources */,
				BF80C59E19960F54007DE967 /* Images.xcassets in Resources */,
				4BCFC5C11A53141D00DFC4B8 /* Launch Screen.xib in Resources */,
			);
			runOnlyForDeploymentPostprocessing = 0;
		};
		BF80C5A119960F54007DE967 /* Resources */ = {
			isa = PBXResourcesBuildPhase;
			buildActionMask = 2147483647;
			files = (
				BF80C5AF19960F54007DE967 /* InfoPlist.strings in Resources */,
			);
			runOnlyForDeploymentPostprocessing = 0;
		};
/* End PBXResourcesBuildPhase section */

/* Begin PBXShellScriptBuildPhase section */
		2F5FCC8836D6640A9C6088AB /* Copy Pods Resources */ = {
			isa = PBXShellScriptBuildPhase;
			buildActionMask = 2147483647;
			files = (
			);
			inputPaths = (
			);
			name = "Copy Pods Resources";
			outputPaths = (
			);
			runOnlyForDeploymentPostprocessing = 0;
			shellPath = /bin/sh;
			shellScript = "\"${SRCROOT}/Pods/Target Support Files/Pods/Pods-resources.sh\"\n";
			showEnvVarsInLog = 0;
		};
		6E725E19A758D470FC68ED1A /* Check Pods Manifest.lock */ = {
			isa = PBXShellScriptBuildPhase;
			buildActionMask = 2147483647;
			files = (
			);
			inputPaths = (
			);
			name = "Check Pods Manifest.lock";
			outputPaths = (
			);
			runOnlyForDeploymentPostprocessing = 0;
			shellPath = /bin/sh;
			shellScript = "diff \"${PODS_ROOT}/../Podfile.lock\" \"${PODS_ROOT}/Manifest.lock\" > /dev/null\nif [[ $? != 0 ]] ; then\n    cat << EOM\nerror: The sandbox is not in sync with the Podfile.lock. Run 'pod install' or update your CocoaPods installation.\nEOM\n    exit 1\nfi\n";
			showEnvVarsInLog = 0;
		};
		A6092AB93C7841EDAE9DACAF /* Check Pods Manifest.lock */ = {
			isa = PBXShellScriptBuildPhase;
			buildActionMask = 2147483647;
			files = (
			);
			inputPaths = (
			);
			name = "Check Pods Manifest.lock";
			outputPaths = (
			);
			runOnlyForDeploymentPostprocessing = 0;
			shellPath = /bin/sh;
			shellScript = "diff \"${PODS_ROOT}/../Podfile.lock\" \"${PODS_ROOT}/Manifest.lock\" > /dev/null\nif [[ $? != 0 ]] ; then\n    cat << EOM\nerror: The sandbox is not in sync with the Podfile.lock. Run 'pod install' or update your CocoaPods installation.\nEOM\n    exit 1\nfi\n";
			showEnvVarsInLog = 0;
		};
		D92CDBAFF7344EEFB797CFB8 /* Copy Pods Resources */ = {
			isa = PBXShellScriptBuildPhase;
			buildActionMask = 2147483647;
			files = (
			);
			inputPaths = (
			);
			name = "Copy Pods Resources";
			outputPaths = (
			);
			runOnlyForDeploymentPostprocessing = 0;
			shellPath = /bin/sh;
			shellScript = "\"${SRCROOT}/Pods/Target Support Files/Pods/Pods-resources.sh\"\n";
			showEnvVarsInLog = 0;
		};
/* End PBXShellScriptBuildPhase section */

/* Begin PBXSourcesBuildPhase section */
		BF80C58419960F54007DE967 /* Sources */ = {
			isa = PBXSourcesBuildPhase;
			buildActionMask = 2147483647;
			files = (
				BF46904619DD3AD100B02945 /* XSMessage.m in Sources */,
				BF021E661A4E850B007E8F11 /* UIButton+PHButton.m in Sources */,
				BF46904719DD3AD100B02945 /* XSPeer.m in Sources */,
				BF021E691A4E859E007E8F11 /* UIFont+Fonts.m in Sources */,
				BFB053EF1A538A8F00AF1CBD /* PHMuteOverlayView.m in Sources */,
				BF80C59C19960F54007DE967 /* PHAppDelegate.m in Sources */,
				BF0206BB1AFC376A00C8160E /* PHSettingsViewController.m in Sources */,
				BF46904819DD3AD100B02945 /* XSPeerClient.m in Sources */,
				BF1A8A0E1C4352FE00E1286E /* PHConnectionBroker.m in Sources */,
				BF1A8A0F1C4352FE00E1286E /* PHErrors.m in Sources */,
				BF021E631A4E84CD007E8F11 /* PHViewController.m in Sources */,
				BF80C59819960F54007DE967 /* main.m in Sources */,
				BF46904919DD3AD100B02945 /* XSRoom.m in Sources */,
			);
			runOnlyForDeploymentPostprocessing = 0;
		};
		BF80C59F19960F54007DE967 /* Sources */ = {
			isa = PBXSourcesBuildPhase;
			buildActionMask = 2147483647;
			files = (
				BF80C5B119960F54007DE967 /* PerchRTCTests.m in Sources */,
			);
			runOnlyForDeploymentPostprocessing = 0;
		};
/* End PBXSourcesBuildPhase section */

/* Begin PBXTargetDependency section */
		BF80C5A919960F54007DE967 /* PBXTargetDependency */ = {
			isa = PBXTargetDependency;
			target = BF80C58719960F54007DE967 /* PerchRTC */;
			targetProxy = BF80C5A819960F54007DE967 /* PBXContainerItemProxy */;
		};
/* End PBXTargetDependency section */

/* Begin PBXVariantGroup section */
		BF80C59419960F54007DE967 /* InfoPlist.strings */ = {
			isa = PBXVariantGroup;
			children = (
				BF80C59519960F54007DE967 /* en */,
			);
			name = InfoPlist.strings;
			sourceTree = "<group>";
		};
		BF80C5AD19960F54007DE967 /* InfoPlist.strings */ = {
			isa = PBXVariantGroup;
			children = (
				BF80C5AE19960F54007DE967 /* en */,
			);
			name = InfoPlist.strings;
			sourceTree = "<group>";
		};
/* End PBXVariantGroup section */

/* Begin XCBuildConfiguration section */
		BF80C5B219960F54007DE967 /* Debug */ = {
			isa = XCBuildConfiguration;
			buildSettings = {
				ALWAYS_SEARCH_USER_PATHS = NO;
				ARCHS = "$(ARCHS_STANDARD)";
				CLANG_CXX_LANGUAGE_STANDARD = "gnu++0x";
				CLANG_CXX_LIBRARY = "libc++";
				CLANG_ENABLE_MODULES = YES;
				CLANG_ENABLE_OBJC_ARC = YES;
				CLANG_WARN_BOOL_CONVERSION = YES;
				CLANG_WARN_CONSTANT_CONVERSION = YES;
				CLANG_WARN_DIRECT_OBJC_ISA_USAGE = YES_ERROR;
				CLANG_WARN_EMPTY_BODY = YES;
				CLANG_WARN_ENUM_CONVERSION = YES;
				CLANG_WARN_INT_CONVERSION = YES;
				CLANG_WARN_OBJC_ROOT_CLASS = YES_ERROR;
				CLANG_WARN__DUPLICATE_METHOD_MATCH = YES;
				"CODE_SIGN_IDENTITY[sdk=iphoneos*]" = "iPhone Developer";
				COPY_PHASE_STRIP = NO;
				GCC_C_LANGUAGE_STANDARD = gnu99;
				GCC_DYNAMIC_NO_PIC = NO;
				GCC_OPTIMIZATION_LEVEL = 0;
				GCC_PREPROCESSOR_DEFINITIONS = (
					"DEBUG=1",
					"$(inherited)",
				);
				GCC_SYMBOLS_PRIVATE_EXTERN = NO;
				GCC_WARN_64_TO_32_BIT_CONVERSION = YES;
				GCC_WARN_ABOUT_RETURN_TYPE = YES_ERROR;
				GCC_WARN_UNDECLARED_SELECTOR = YES;
				GCC_WARN_UNINITIALIZED_AUTOS = YES_AGGRESSIVE;
				GCC_WARN_UNUSED_FUNCTION = YES;
				GCC_WARN_UNUSED_VARIABLE = YES;
				HEADER_SEARCH_PATHS = (
					"$(inherited)",
					/Applications/Xcode.app/Contents/Developer/Toolchains/XcodeDefault.xctoolchain/usr/include,
				);
				IPHONEOS_DEPLOYMENT_TARGET = 7.0;
				ONLY_ACTIVE_ARCH = YES;
				SDKROOT = iphoneos;
				TARGETED_DEVICE_FAMILY = "1,2";
			};
			name = Debug;
		};
		BF80C5B319960F54007DE967 /* Release */ = {
			isa = XCBuildConfiguration;
			buildSettings = {
				ALWAYS_SEARCH_USER_PATHS = NO;
				ARCHS = "$(ARCHS_STANDARD)";
				CLANG_CXX_LANGUAGE_STANDARD = "gnu++0x";
				CLANG_CXX_LIBRARY = "libc++";
				CLANG_ENABLE_MODULES = YES;
				CLANG_ENABLE_OBJC_ARC = YES;
				CLANG_WARN_BOOL_CONVERSION = YES;
				CLANG_WARN_CONSTANT_CONVERSION = YES;
				CLANG_WARN_DIRECT_OBJC_ISA_USAGE = YES_ERROR;
				CLANG_WARN_EMPTY_BODY = YES;
				CLANG_WARN_ENUM_CONVERSION = YES;
				CLANG_WARN_INT_CONVERSION = YES;
				CLANG_WARN_OBJC_ROOT_CLASS = YES_ERROR;
				CLANG_WARN__DUPLICATE_METHOD_MATCH = YES;
				"CODE_SIGN_IDENTITY[sdk=iphoneos*]" = "iPhone Developer";
				COPY_PHASE_STRIP = YES;
				ENABLE_NS_ASSERTIONS = NO;
				GCC_C_LANGUAGE_STANDARD = gnu99;
				GCC_OPTIMIZATION_LEVEL = 3;
				GCC_WARN_64_TO_32_BIT_CONVERSION = YES;
				GCC_WARN_ABOUT_RETURN_TYPE = YES_ERROR;
				GCC_WARN_UNDECLARED_SELECTOR = YES;
				GCC_WARN_UNINITIALIZED_AUTOS = YES_AGGRESSIVE;
				GCC_WARN_UNUSED_FUNCTION = YES;
				GCC_WARN_UNUSED_VARIABLE = YES;
				HEADER_SEARCH_PATHS = (
					"$(inherited)",
					/Applications/Xcode.app/Contents/Developer/Toolchains/XcodeDefault.xctoolchain/usr/include,
				);
				IPHONEOS_DEPLOYMENT_TARGET = 7.0;
				ONLY_ACTIVE_ARCH = YES;
				SDKROOT = iphoneos;
				TARGETED_DEVICE_FAMILY = "1,2";
				VALIDATE_PRODUCT = YES;
			};
			name = Release;
		};
		BF80C5B519960F54007DE967 /* Debug */ = {
			isa = XCBuildConfiguration;
			baseConfigurationReference = 09B2429C8CDF70715B44E8A1 /* Pods.debug.xcconfig */;
			buildSettings = {
				ASSETCATALOG_COMPILER_APPICON_NAME = AppIcon;
				ASSETCATALOG_COMPILER_LAUNCHIMAGE_NAME = LaunchImage;
				CLANG_CXX_LANGUAGE_STANDARD = "gnu++0x";
				CLANG_CXX_LIBRARY = "libc++";
				ENABLE_BITCODE = NO;
				GCC_PRECOMPILE_PREFIX_HEADER = YES;
				GCC_PREFIX_HEADER = "PerchRTC/PerchRTC-Prefix.pch";
				HEADER_SEARCH_PATHS = (
					"$(inherited)",
					"\"${SRCROOT}\"/**",
				);
				INFOPLIST_FILE = "PerchRTC/PerchRTC-Info.plist";
				OTHER_CPLUSPLUSFLAGS = (
					"$(OTHER_CFLAGS)",
					"-frtti",
				);
				PRODUCT_NAME = "PerchRTC-Dev";
				WRAPPER_EXTENSION = app;
			};
			name = Debug;
		};
		BF80C5B619960F54007DE967 /* Release */ = {
			isa = XCBuildConfiguration;
			baseConfigurationReference = D1966AF91CC45DE3E96E08E6 /* Pods.release.xcconfig */;
			buildSettings = {
				ASSETCATALOG_COMPILER_APPICON_NAME = AppIcon;
				ASSETCATALOG_COMPILER_LAUNCHIMAGE_NAME = LaunchImage;
				CLANG_CXX_LANGUAGE_STANDARD = "gnu++0x";
				CLANG_CXX_LIBRARY = "libc++";
				ENABLE_BITCODE = NO;
				GCC_PRECOMPILE_PREFIX_HEADER = YES;
				GCC_PREFIX_HEADER = "PerchRTC/PerchRTC-Prefix.pch";
				HEADER_SEARCH_PATHS = (
					"$(inherited)",
					"\"${SRCROOT}\"/**",
				);
				INFOPLIST_FILE = "PerchRTC/PerchRTC-Info.plist";
				OTHER_CPLUSPLUSFLAGS = (
					"$(OTHER_CFLAGS)",
					"-frtti",
				);
				PRODUCT_NAME = "$(TARGET_NAME)";
				WRAPPER_EXTENSION = app;
			};
			name = Release;
		};
		BF80C5B819960F54007DE967 /* Debug */ = {
			isa = XCBuildConfiguration;
			baseConfigurationReference = 09B2429C8CDF70715B44E8A1 /* Pods.debug.xcconfig */;
			buildSettings = {
				FRAMEWORK_SEARCH_PATHS = (
					"$(SDKROOT)/Developer/Library/Frameworks",
					"$(inherited)",
					"$(DEVELOPER_FRAMEWORKS_DIR)",
				);
				GCC_PRECOMPILE_PREFIX_HEADER = YES;
				GCC_PREFIX_HEADER = "PerchRTC/PerchRTC-Prefix.pch";
				GCC_PREPROCESSOR_DEFINITIONS = (
					"DEBUG=1",
					"$(inherited)",
				);
				INFOPLIST_FILE = "PerchRTCTests/PerchRTCTests-Info.plist";
				PRODUCT_NAME = "$(TARGET_NAME)";
				WRAPPER_EXTENSION = xctest;
			};
			name = Debug;
		};
		BF80C5B919960F54007DE967 /* Release */ = {
			isa = XCBuildConfiguration;
			baseConfigurationReference = D1966AF91CC45DE3E96E08E6 /* Pods.release.xcconfig */;
			buildSettings = {
				FRAMEWORK_SEARCH_PATHS = (
					"$(SDKROOT)/Developer/Library/Frameworks",
					"$(inherited)",
					"$(DEVELOPER_FRAMEWORKS_DIR)",
				);
				GCC_PRECOMPILE_PREFIX_HEADER = YES;
				GCC_PREFIX_HEADER = "PerchRTC/PerchRTC-Prefix.pch";
				INFOPLIST_FILE = "PerchRTCTests/PerchRTCTests-Info.plist";
				PRODUCT_NAME = "$(TARGET_NAME)";
				WRAPPER_EXTENSION = xctest;
			};
			name = Release;
		};
/* End XCBuildConfiguration section */

/* Begin XCConfigurationList section */
		BF80C58319960F54007DE967 /* Build configuration list for PBXProject "PerchRTC" */ = {
			isa = XCConfigurationList;
			buildConfigurations = (
				BF80C5B219960F54007DE967 /* Debug */,
				BF80C5B319960F54007DE967 /* Release */,
			);
			defaultConfigurationIsVisible = 0;
			defaultConfigurationName = Release;
		};
		BF80C5B419960F54007DE967 /* Build configuration list for PBXNativeTarget "PerchRTC" */ = {
			isa = XCConfigurationList;
			buildConfigurations = (
				BF80C5B519960F54007DE967 /* Debug */,
				BF80C5B619960F54007DE967 /* Release */,
			);
			defaultConfigurationIsVisible = 0;
			defaultConfigurationName = Release;
		};
		BF80C5B719960F54007DE967 /* Build configuration list for PBXNativeTarget "PerchRTCTests" */ = {
			isa = XCConfigurationList;
			buildConfigurations = (
				BF80C5B819960F54007DE967 /* Debug */,
				BF80C5B919960F54007DE967 /* Release */,
			);
			defaultConfigurationIsVisible = 0;
			defaultConfigurationName = Release;
		};
/* End XCConfigurationList section */
	};
	rootObject = BF80C58019960F54007DE967 /* Project object */;
}
